
Microsoft Visual Studio Solution File, Format Version 12.00
# Visual Studio 15
VisualStudioVersion = 15.0.27004.2008
MinimumVisualStudioVersion = 10.0.40219.1
Project("{FAE04EC0-301F-11D3-BF4B-00C04F79EFBC}") = "upacp_demo_b2c", "upacp_demo_b2c\upacp_demo_b2c.csproj", "{F3AE3893-0CAB-46B6-B99D-39F491494025}"
EndProject
Global
	GlobalSection(SolutionConfigurationPlatforms) = preSolution
		Debug|Any CPU = Debug|Any CPU
		Release|Any CPU = Release|Any CPU
	EndGlobalSection
	GlobalSection(ProjectConfigurationPlatforms) = postSolution
		{F3AE3893-0CAB-46B6-B99D-39F491494025}.Debug|Any CPU.ActiveCfg = Debug|Any CPU
		{F3AE3893-0CAB-46B6-B99D-39F491494025}.Debug|Any CPU.Build.0 = Debug|Any CPU
		{F3AE3893-0CAB-46B6-B99D-39F491494025}.Release|Any CPU.ActiveCfg = Release|Any CPU
		{F3AE3893-0CAB-46B6-B99D-39F491494025}.Release|Any CPU.Build.0 = Release|Any CPU
	EndGlobalSection
	GlobalSection(SolutionProperties) = preSolution
		HideSolutionNode = FALSE
	EndGlobalSection
	GlobalSection(ExtensibilityGlobals) = postSolution
		SolutionGuid = {F6E1A99E-6880-4DD7-AA92-BD2FB2C6767C}
	EndGlobalSection
EndGlobal
